// !$*UTF8*$!
{
	archiveVersion = 1;
	classes = {
	};
	objectVersion = 50;
	objects = {

/* Begin PBXBuildFile section */
		28829E0620F3918A00D148DF /* AppDelegate.swift in Sources */ = {isa = PBXBuildFile; fileRef = 28829E0520F3918A00D148DF /* AppDelegate.swift */; };
		28829E0820F3918A00D148DF /* ViewController.swift in Sources */ = {isa = PBXBuildFile; fileRef = 28829E0720F3918A00D148DF /* ViewController.swift */; };
		28829E0B20F3918A00D148DF /* Main.storyboard in Resources */ = {isa = PBXBuildFile; fileRef = 28829E0920F3918A00D148DF /* Main.storyboard */; };
		28829E0E20F3918A00D148DF /* MapCustomImage.xcdatamodeld in Sources */ = {isa = PBXBuildFile; fileRef = 28829E0C20F3918A00D148DF /* MapCustomImage.xcdatamodeld */; };
		28829E1020F3919400D148DF /* Assets.xcassets in Resources */ = {isa = PBXBuildFile; fileRef = 28829E0F20F3919400D148DF /* Assets.xcassets */; };
		28829E1320F3919400D148DF /* LaunchScreen.storyboard in Resources */ = {isa = PBXBuildFile; fileRef = 28829E1120F3919400D148DF /* LaunchScreen.storyboard */; };
/* End PBXBuildFile section */

/* Begin PBXFileReference section */
		28829E0220F3918A00D148DF /* MapCustomImage.app */ = {isa = PBXFileReference; explicitFileType = wrapper.application; includeInIndex = 0; path = MapCustomImage.app; sourceTree = BUILT_PRODUCTS_DIR; };
		28829E0520F3918A00D148DF /* AppDelegate.swift */ = {isa = PBXFileReference; lastKnownFileType = sourcecode.swift; path = AppDelegate.swift; sourceTree = "<group>"; };
		28829E0720F3918A00D148DF /* ViewController.swift */ = {isa = PBXFileReference; lastKnownFileType = sourcecode.swift; path = ViewController.swift; sourceTree = "<group>"; };
		28829E0A20F3918A00D148DF /* Base */ = {isa = PBXFileReference; lastKnownFileType = file.storyboard; name = Base; path = Base.lproj/Main.storyboard; sourceTree = "<group>"; };
		28829E0D20F3918A00D148DF /* MapCustomImage.xcdatamodel */ = {isa = PBXFileReference; lastKnownFileType = wrapper.xcdatamodel; path = MapCustomImage.xcdatamodel; sourceTree = "<group>"; };
		28829E0F20F3919400D148DF /* Assets.xcassets */ = {isa = PBXFileReference; lastKnownFileType = folder.assetcatalog; path = Assets.xcassets; sourceTree = "<group>"; };
		28829E1220F3919400D148DF /* Base */ = {isa = PBXFileReference; lastKnownFileType = file.storyboard; name = Base; path = Base.lproj/LaunchScreen.storyboard; sourceTree = "<group>"; };
		28829E1420F3919400D148DF /* Info.plist */ = {isa = PBXFileReference; lastKnownFileType = text.plist.xml; path = Info.plist; sourceTree = "<group>"; };
/* End PBXFileReference section */

/* Begin PBXFrameworksBuildPhase section */
		28829DFF20F3918A00D148DF /* Frameworks */ = {
			isa = PBXFrameworksBuildPhase;
			buildActionMask = 2147483647;
			files = (
			);
			runOnlyForDeploymentPostprocessing = 0;
		};
/* End PBXFrameworksBuildPhase section */

/* Begin PBXGroup section */
		28829DF920F3918A00D148DF = {
			isa = PBXGroup;
			children = (
				28829E0420F3918A00D148DF /* MapCustomImage */,
				28829E0320F3918A00D148DF /* Products */,
			);
			sourceTree = "<group>";
		};
		28829E0320F3918A00D148DF /* Products */ = {
			isa = PBXGroup;
			children = (
				28829E0220F3918A00D148DF /* MapCustomImage.app */,
			);
			name = Products;
			sourceTree = "<group>";
		};
		28829E0420F3918A00D148DF /* MapCustomImage */ = {
			isa = PBXGroup;
			children = (
				28829E0520F3918A00D148DF /* AppDelegate.swift */,
				28829E0720F3918A00D148DF /* ViewController.swift */,
				28829E0920F3918A00D148DF /* Main.storyboard */,
				28829E0F20F3919400D148DF /* Assets.xcassets */,
				28829E1120F3919400D148DF /* LaunchScreen.storyboard */,
				28829E1420F3919400D148DF /* Info.plist */,
				28829E0C20F3918A00D148DF /* MapCustomImage.xcdatamodeld */,
			);
			path = MapCustomImage;
			sourceTree = "<group>";
		};
/* End PBXGroup section */

/* Begin PBXNativeTarget section */
		28829E0120F3918A00D148DF /* MapCustomImage */ = {
			isa = PBXNativeTarget;
			buildConfigurationList = 28829E1720F3919400D148DF /* Build configuration list for PBXNativeTarget "MapCustomImage" */;
			buildPhases = (
				28829DFE20F3918A00D148DF /* Sources */,
				28829DFF20F3918A00D148DF /* Frameworks */,
				28829E0020F3918A00D148DF /* Resources */,
			);
			buildRules = (
			);
			dependencies = (
			);
			name = MapCustomImage;
			productName = MapCustomImage;
			productReference = 28829E0220F3918A00D148DF /* MapCustomImage.app */;
			productType = "com.apple.product-type.application";
		};
/* End PBXNativeTarget section */

/* Begin PBXProject section */
		28829DFA20F3918A00D148DF /* Project object */ = {
			isa = PBXProject;
			attributes = {
				LastSwiftUpdateCheck = 0940;
				LastUpgradeCheck = 0940;
				ORGANIZATIONNAME = com.hgdhghdgfd;
				TargetAttributes = {
					28829E0120F3918A00D148DF = {
						CreatedOnToolsVersion = 9.4;
					};
				};
			};
			buildConfigurationList = 28829DFD20F3918A00D148DF /* Build configuration list for PBXProject "MapCustomImage" */;
			compatibilityVersion = "Xcode 9.3";
			developmentRegion = en;
			hasScannedForEncodings = 0;
			knownRegions = (
				en,
				Base,
			);
			mainGroup = 28829DF920F3918A00D148DF;
			productRefGroup = 28829E0320F3918A00D148DF /* Products */;
			projectDirPath = "";
			projectRoot = "";
			targets = (
				28829E0120F3918A00D148DF /* MapCustomImage */,
			);
		};
/* End PBXProject section */

/* Begin PBXResourcesBuildPhase section */
		28829E0020F3918A00D148DF /* Resources */ = {
			isa = PBXResourcesBuildPhase;
			buildActionMask = 2147483647;
			files = (
				28829E1320F3919400D148DF /* LaunchScreen.storyboard in Resources */,
				28829E1020F3919400D148DF /* Assets.xcassets in Resources */,
				28829E0B20F3918A00D148DF /* Main.storyboard in Resources */,
			);
			runOnlyForDeploymentPostprocessing = 0;
		};
/* End PBXResourcesBuildPhase section */

/* Begin PBXSourcesBuildPhase section */
		28829DFE20F3918A00D148DF /* Sources */ = {
			isa = PBXSourcesBuildPhase;
			buildActionMask = 2147483647;
			files = (
				28829E0820F3918A00D148DF /* ViewController.swift in Sources */,
				28829E0620F3918A00D148DF /* AppDelegate.swift in Sources */,
				28829E0E20F3918A00D148DF /* MapCustomImage.xcdatamodeld in Sources */,
			);
			runOnlyForDeploymentPostprocessing = 0;
		};
/* End PBXSourcesBuildPhase section */

/* Begin PBXVariantGroup section */
		28829E0920F3918A00D148DF /* Main.storyboard */ = {
			isa = PBXVariantGroup;
			children = (
				28829E0A20F3918A00D148DF /* Base */,
			);
			name = Main.storyboard;
			sourceTree = "<group>";
		};
		28829E1120F3919400D148DF /* LaunchScreen.storyboard */ = {
			isa = PBXVariantGroup;
			children = (
				28829E1220F3919400D148DF /* Base */,
			);
			name = LaunchScreen.storyboard;
			sourceTree = "<group>";
		};
/* End PBXVariantGroup section */

/* Begin XCBuildConfiguration section */
		28829E1520F3919400D148DF /* Debug */ = {
			isa = XCBuildConfiguration;
			buildSettings = {
				ALWAYS_SEARCH_USER_PATHS = NO;
				CLANG_ANALYZER_NONNULL = YES;
				CLANG_ANALYZER_NUMBER_OBJECT_CONVERSION = YES_AGGRESSIVE;
				CLANG_CXX_LANGUAGE_STANDARD = "gnu++14";
				CLANG_CXX_LIBRARY = "libc++";
				CLANG_ENABLE_MODULES = YES;
				CLANG_ENABLE_OBJC_ARC = YES;
				CLANG_ENABLE_OBJC_WEAK = YES;
				CLANG_WARN_BLOCK_CAPTURE_AUTORELEASING = YES;
				CLANG_WARN_BOOL_CONVERSION = YES;
				CLANG_WARN_COMMA = YES;
				CLANG_WARN_CONSTANT_CONVERSION = YES;
				CLANG_WARN_DEPRECATED_OBJC_IMPLEMENTATIONS = YES;
				CLANG_WARN_DIRECT_OBJC_ISA_USAGE = YES_ERROR;
				CLANG_WARN_DOCUMENTATION_COMMENTS = YES;
				CLANG_WARN_EMPTY_BODY = YES;
				CLANG_WARN_ENUM_CONVERSION = YES;
				CLANG_WARN_INFINITE_RECURSION = YES;
				CLANG_WARN_INT_CONVERSION = YES;
				CLANG_WARN_NON_LITERAL_NULL_CONVERSION = YES;
				CLANG_WARN_OBJC_IMPLICIT_RETAIN_SELF = YES;
				CLANG_WARN_OBJC_LITERAL_CONVERSION = YES;
				CLANG_WARN_OBJC_ROOT_CLASS = YES_ERROR;
				CLANG_WARN_RANGE_LOOP_ANALYSIS = YES;
				CLANG_WARN_STRICT_PROTOTYPES = YES;
				CLANG_WARN_SUSPICIOUS_MOVE = YES;
				CLANG_WARN_UNGUARDED_AVAILABILITY = YES_AGGRESSIVE;
				CLANG_WARN_UNREACHABLE_CODE = YES;
				CLANG_WARN__DUPLICATE_METHOD_MATCH = YES;
				CODE_SIGN_IDENTITY = "iPhone Developer";
				COPY_PHASE_STRIP = NO;
				DEBUG_INFORMATION_FORMAT = dwarf;
				ENABLE_STRICT_OBJC_MSGSEND = YES;
				ENABLE_TESTABILITY = YES;
				GCC_C_LANGUAGE_STANDARD = gnu11;
				GCC_DYNAMIC_NO_PIC = NO;
				GCC_NO_COMMON_BLOCKS = YES;
				GCC_OPTIMIZATION_LEVEL = 0;
				GCC_PREPROCESSOR_DEFINITIONS = (
					"DEBUG=1",
					"$(inherited)",
				);
				GCC_WARN_64_TO_32_BIT_CONVERSION = YES;
				GCC_WARN_ABOUT_RETURN_TYPE = YES_ERROR;
				GCC_WARN_UNDECLARED_SELECTOR = YES;
				GCC_WARN_UNINITIALIZED_AUTOS = YES_AGGRESSIVE;
				GCC_WARN_UNUSED_FUNCTION = YES;
				GCC_WARN_UNUSED_VARIABLE = YES;
				IPHONEOS_DEPLOYMENT_TARGET = 11.4;
				MTL_ENABLE_DEBUG_INFO = YES;
				ONLY_ACTIVE_ARCH = YES;
				SDKROOT = iphoneos;
				SWIFT_ACTIVE_COMPILATION_CONDITIONS = DEBUG;
				SWIFT_OPTIMIZATION_LEVEL = "-Onone";
			};
			name = Debug;
		};
		28829E1620F3919400D148DF /* Release */ = {
			isa = XCBuildConfiguration;
			buildSettings = {
				ALWAYS_SEARCH_USER_PATHS = NO;
				CLANG_ANALYZER_NONNULL = YES;
				CLANG_ANALYZER_NUMBER_OBJECT_CONVERSION = YES_AGGRESSIVE;
				CLANG_CXX_LANGUAGE_STANDARD = "gnu++14";
				CLANG_CXX_LIBRARY = "libc++";
				CLANG_ENABLE_MODULES = YES;
				CLANG_ENABLE_OBJC_ARC = YES;
				CLANG_ENABLE_OBJC_WEAK = YES;
				CLANG_WARN_BLOCK_CAPTURE_AUTORELEASING = YES;
				CLANG_WARN_BOOL_CONVERSION = YES;
				CLANG_WARN_COMMA = YES;
				CLANG_WARN_CONSTANT_CONVERSION = YES;
				CLANG_WARN_DEPRECATED_OBJC_IMPLEMENTATIONS = YES;
				CLANG_WARN_DIRECT_OBJC_ISA_USAGE = YES_ERROR;
				CLANG_WARN_DOCUMENTATION_COMMENTS = YES;
				CLANG_WARN_EMPTY_BODY = YES;
				CLANG_WARN_ENUM_CONVERSION = YES;
				CLANG_WARN_INFINITE_RECURSION = YES;
				CLANG_WARN_INT_CONVERSION = YES;
				CLANG_WARN_NON_LITERAL_NULL_CONVERSION = YES;
				CLANG_WARN_OBJC_IMPLICIT_RETAIN_SELF = YES;
				CLANG_WARN_OBJC_LITERAL_CONVERSION = YES;
				CLANG_WARN_OBJC_ROOT_CLASS = YES_ERROR;
				CLANG_WARN_RANGE_LOOP_ANALYSIS = YES;
				CLANG_WARN_STRICT_PROTOTYPES = YES;
				CLANG_WARN_SUSPICIOUS_MOVE = YES;
				CLANG_WARN_UNGUARDED_AVAILABILITY = YES_AGGRESSIVE;
				CLANG_WARN_UNREACHABLE_CODE = YES;
				CLANG_WARN__DUPLICATE_METHOD_MATCH = YES;
				CODE_SIGN_IDENTITY = "iPhone Developer";
				COPY_PHASE_STRIP = NO;
				DEBUG_INFORMATION_FORMAT = "dwarf-with-dsym";
				ENABLE_NS_ASSERTIONS = NO;
				ENABLE_STRICT_OBJC_MSGSEND = YES;
				GCC_C_LANGUAGE_STANDARD = gnu11;
				GCC_NO_COMMON_BLOCKS = YES;
				GCC_WARN_64_TO_32_BIT_CONVERSION = YES;
				GCC_WARN_ABOUT_RETURN_TYPE = YES_ERROR;
				GCC_WARN_UNDECLARED_SELECTOR = YES;
				GCC_WARN_UNINITIALIZED_AUTOS = YES_AGGRESSIVE;
				GCC_WARN_UNUSED_FUNCTION = YES;
				GCC_WARN_UNUSED_VARIABLE = YES;
				IPHONEOS_DEPLOYMENT_TARGET = 11.4;
				MTL_ENABLE_DEBUG_INFO = NO;
				SDKROOT = iphoneos;
				SWIFT_COMPILATION_MODE = wholemodule;
				SWIFT_OPTIMIZATION_LEVEL = "-O";
				VALIDATE_PRODUCT = YES;
			};
			name = Release;
		};
		28829E1820F3919400D148DF /* Debug */ = {
			isa = XCBuildConfiguration;
			buildSettings = {
				ASSETCATALOG_COMPILER_APPICON_NAME = AppIcon;
				CODE_SIGN_STYLE = Automatic;
				INFOPLIST_FILE = MapCustomImage/Info.plist;
				LD_RUNPATH_SEARCH_PATHS = (
					"$(inherited)",
					"@executable_path/Frameworks",
				);
				PRODUCT_BUNDLE_IDENTIFIER = dfjhhj.MapCustomImage;
				PRODUCT_NAME = "$(TARGET_NAME)";
				SWIFT_VERSION = 4.0;
				TARGETED_DEVICE_FAMILY = "1,2";
			};
			name = Debug;
		};
		28829E1920F3919400D148DF /* Release */ = {
			isa = XCBuildConfiguration;
			buildSettings = {
				ASSETCATALOG_COMPILER_APPICON_NAME = AppIcon;
				CODE_SIGN_STYLE = Automatic;
				INFOPLIST_FILE = MapCustomImage/Info.plist;
				LD_RUNPATH_SEARCH_PATHS = (
					"$(inherited)",
					"@executable_path/Frameworks",
				);
				PRODUCT_BUNDLE_IDENTIFIER = dfjhhj.MapCustomImage;
				PRODUCT_NAME = "$(TARGET_NAME)";
				SWIFT_VERSION = 4.0;
				TARGETED_DEVICE_FAMILY = "1,2";
			};
			name = Release;
		};
/* End XCBuildConfiguration section */

/* Begin XCConfigurationList section */
		28829DFD20F3918A00D148DF /* Build configuration list for PBXProject "MapCustomImage" */ = {
			isa = XCConfigurationList;
			buildConfigurations = (
				28829E1520F3919400D148DF /* Debug */,
				28829E1620F3919400D148DF /* Release */,
			);
			defaultConfigurationIsVisible = 0;
			defaultConfigurationName = Release;
		};
		28829E1720F3919400D148DF /* Build configuration list for PBXNativeTarget "MapCustomImage" */ = {
			isa = XCConfigurationList;
			buildConfigurations = (
				28829E1820F3919400D148DF /* Debug */,
				28829E1920F3919400D148DF /* Release */,
			);
			defaultConfigurationIsVisible = 0;
			defaultConfigurationName = Release;
		};
/* End XCConfigurationList section */

/* Begin XCVersionGroup section */
		28829E0C20F3918A00D148DF /* MapCustomImage.xcdatamodeld */ = {
			isa = XCVersionGroup;
			children = (
				28829E0D20F3918A00D148DF /* MapCustomImage.xcdatamodel */,
			);
			currentVersion = 28829E0D20F3918A00D148DF /* MapCustomImage.xcdatamodel */;
			path = MapCustomImage.xcdatamodeld;
			sourceTree = "<group>";
			versionGroupType = wrapper.xcdatamodel;
		};
/* End XCVersionGroup section */
	};
	rootObject = 28829DFA20F3918A00D148DF /* Project object */;
}
